
Microsoft Visual Studio Solution File, Format Version 12.00
# Visual Studio Version 16
VisualStudioVersion = 16.0.31019.35
MinimumVisualStudioVersion = 10.0.40219.1
Project("{FAE04EC0-301F-11D3-BF4B-00C04F79EFBC}") = "AppTeste.UWP", "AppTeste\AppTeste.UWP\AppTeste.UWP.csproj", "{A84ABB5C-DB3B-4BA4-A4EE-D20680ADEC50}"
EndProject
Project("{FAE04EC0-301F-11D3-BF4B-00C04F79EFBC}") = "AppTeste.Android", "AppTeste\AppTeste.Android\AppTeste.Android.csproj", "{877C5C8D-7B4D-45FC-8307-F9217F0222B2}"
EndProject
Project("{FAE04EC0-301F-11D3-BF4B-00C04F79EFBC}") = "AppTeste.iOS", "AppTeste\AppTeste.iOS\AppTeste.iOS.csproj", "{05EC111C-2E78-4000-846B-E038A7D21CC0}"
EndProject
Project("{FAE04EC0-301F-11D3-BF4B-00C04F79EFBC}") = "AppTeste", "AppTeste\AppTeste\AppTeste.csproj", "{2954DE46-2BCD-480B-A0A1-3C4C994B7A87}"
EndProject
Global
	GlobalSection(SolutionConfigurationPlatforms) = preSolution
		Debug|Any CPU = Debug|Any CPU
		Debug|ARM = Debug|ARM
		Debug|iPhone = Debug|iPhone
		Debug|iPhoneSimulator = Debug|iPhoneSimulator
		Debug|x64 = Debug|x64
		Debug|x86 = Debug|x86
		Release|Any CPU = Release|Any CPU
		Release|ARM = Release|ARM
		Release|iPhone = Release|iPhone
		Release|iPhoneSimulator = Release|iPhoneSimulator
		Release|x64 = Release|x64
		Release|x86 = Release|x86
	EndGlobalSection
	GlobalSection(ProjectConfigurationPlatforms) = postSolution
		{A84ABB5C-DB3B-4BA4-A4EE-D20680ADEC50}.Debug|Any CPU.ActiveCfg = Debug|x86
		{A84ABB5C-DB3B-4BA4-A4EE-D20680ADEC50}.Debug|Any CPU.Build.0 = Debug|x86
		{A84ABB5C-DB3B-4BA4-A4EE-D20680ADEC50}.Debug|Any CPU.Deploy.0 = Debug|x86
		{A84ABB5C-DB3B-4BA4-A4EE-D20680ADEC50}.Debug|ARM.ActiveCfg = Debug|ARM
		{A84ABB5C-DB3B-4BA4-A4EE-D20680ADEC50}.Debug|ARM.Build.0 = Debug|ARM
		{A84ABB5C-DB3B-4BA4-A4EE-D20680ADEC50}.Debug|ARM.Deploy.0 = Debug|ARM
		{A84ABB5C-DB3B-4BA4-A4EE-D20680ADEC50}.Debug|iPhone.ActiveCfg = Debug|x86
		{A84ABB5C-DB3B-4BA4-A4EE-D20680ADEC50}.Debug|iPhone.Build.0 = Debug|x86
		{A84ABB5C-DB3B-4BA4-A4EE-D20680ADEC50}.Debug|iPhone.Deploy.0 = Debug|x86
		{A84ABB5C-DB3B-4BA4-A4EE-D20680ADEC50}.Debug|iPhoneSimulator.ActiveCfg = Debug|x86
		{A84ABB5C-DB3B-4BA4-A4EE-D20680ADEC50}.Debug|iPhoneSimulator.Build.0 = Debug|x86
		{A84ABB5C-DB3B-4BA4-A4EE-D20680ADEC50}.Debug|iPhoneSimulator.Deploy.0 = Debug|x86
		{A84ABB5C-DB3B-4BA4-A4EE-D20680ADEC50}.Debug|x64.ActiveCfg = Debug|x64
		{A84ABB5C-DB3B-4BA4-A4EE-D20680ADEC50}.Debug|x64.Build.0 = Debug|x64
		{A84ABB5C-DB3B-4BA4-A4EE-D20680ADEC50}.Debug|x64.Deploy.0 = Debug|x64
		{A84ABB5C-DB3B-4BA4-A4EE-D20680ADEC50}.Debug|x86.ActiveCfg = Debug|x86
		{A84ABB5C-DB3B-4BA4-A4EE-D20680ADEC50}.Debug|x86.Build.0 = Debug|x86
		{A84ABB5C-DB3B-4BA4-A4EE-D20680ADEC50}.Debug|x86.Deploy.0 = Debug|x86
		{A84ABB5C-DB3B-4BA4-A4EE-D20680ADEC50}.Release|Any CPU.ActiveCfg = Release|x86
		{A84ABB5C-DB3B-4BA4-A4EE-D20680ADEC50}.Release|Any CPU.Build.0 = Release|x86
		{A84ABB5C-DB3B-4BA4-A4EE-D20680ADEC50}.Release|Any CPU.Deploy.0 = Release|x86
		{A84ABB5C-DB3B-4BA4-A4EE-D20680ADEC50}.Release|ARM.ActiveCfg = Release|ARM
		{A84ABB5C-DB3B-4BA4-A4EE-D20680ADEC50}.Release|ARM.Build.0 = Release|ARM
		{A84ABB5C-DB3B-4BA4-A4EE-D20680ADEC50}.Release|ARM.Deploy.0 = Release|ARM
		{A84ABB5C-DB3B-4BA4-A4EE-D20680ADEC50}.Release|iPhone.ActiveCfg = Release|x86
		{A84ABB5C-DB3B-4BA4-A4EE-D20680ADEC50}.Release|iPhone.Build.0 = Release|x86
		{A84ABB5C-DB3B-4BA4-A4EE-D20680ADEC50}.Release|iPhone.Deploy.0 = Release|x86
		{A84ABB5C-DB3B-4BA4-A4EE-D20680ADEC50}.Release|iPhoneSimulator.ActiveCfg = Release|x86
		{A84ABB5C-DB3B-4BA4-A4EE-D20680ADEC50}.Release|iPhoneSimulator.Build.0 = Release|x86
		{A84ABB5C-DB3B-4BA4-A4EE-D20680ADEC50}.Release|iPhoneSimulator.Deploy.0 = Release|x86
		{A84ABB5C-DB3B-4BA4-A4EE-D20680ADEC50}.Release|x64.ActiveCfg = Release|x64
		{A84ABB5C-DB3B-4BA4-A4EE-D20680ADEC50}.Release|x64.Build.0 = Release|x64
		{A84ABB5C-DB3B-4BA4-A4EE-D20680ADEC50}.Release|x64.Deploy.0 = Release|x64
		{A84ABB5C-DB3B-4BA4-A4EE-D20680ADEC50}.Release|x86.ActiveCfg = Release|x86
		{A84ABB5C-DB3B-4BA4-A4EE-D20680ADEC50}.Release|x86.Build.0 = Release|x86
		{A84ABB5C-DB3B-4BA4-A4EE-D20680ADEC50}.Release|x86.Deploy.0 = Release|x86
		{877C5C8D-7B4D-45FC-8307-F9217F0222B2}.Debug|Any CPU.ActiveCfg = Debug|Any CPU
		{877C5C8D-7B4D-45FC-8307-F9217F0222B2}.Debug|Any CPU.Build.0 = Debug|Any CPU
		{877C5C8D-7B4D-45FC-8307-F9217F0222B2}.Debug|Any CPU.Deploy.0 = Debug|Any CPU
		{877C5C8D-7B4D-45FC-8307-F9217F0222B2}.Debug|ARM.ActiveCfg = Debug|Any CPU
		{877C5C8D-7B4D-45FC-8307-F9217F0222B2}.Debug|ARM.Build.0 = Debug|Any CPU
		{877C5C8D-7B4D-45FC-8307-F9217F0222B2}.Debug|ARM.Deploy.0 = Debug|Any CPU
		{877C5C8D-7B4D-45FC-8307-F9217F0222B2}.Debug|iPhone.ActiveCfg = Debug|Any CPU
		{877C5C8D-7B4D-45FC-8307-F9217F0222B2}.Debug|iPhone.Build.0 = Debug|Any CPU
		{877C5C8D-7B4D-45FC-8307-F9217F0222B2}.Debug|iPhone.Deploy.0 = Debug|Any CPU
		{877C5C8D-7B4D-45FC-8307-F9217F0222B2}.Debug|iPhoneSimulator.ActiveCfg = Debug|Any CPU
		{877C5C8D-7B4D-45FC-8307-F9217F0222B2}.Debug|iPhoneSimulator.Build.0 = Debug|Any CPU
		{877C5C8D-7B4D-45FC-8307-F9217F0222B2}.Debug|iPhoneSimulator.Deploy.0 = Debug|Any CPU
		{877C5C8D-7B4D-45FC-8307-F9217F0222B2}.Debug|x64.ActiveCfg = Debug|Any CPU
		{877C5C8D-7B4D-45FC-8307-F9217F0222B2}.Debug|x64.Build.0 = Debug|Any CPU
		{877C5C8D-7B4D-45FC-8307-F9217F0222B2}.Debug|x64.Deploy.0 = Debug|Any CPU
		{877C5C8D-7B4D-45FC-8307-F9217F0222B2}.Debug|x86.ActiveCfg = Debug|Any CPU
		{877C5C8D-7B4D-45FC-8307-F9217F0222B2}.Debug|x86.Build.0 = Debug|Any CPU
		{877C5C8D-7B4D-45FC-8307-F9217F0222B2}.Debug|x86.Deploy.0 = Debug|Any CPU
		{877C5C8D-7B4D-45FC-8307-F9217F0222B2}.Release|Any CPU.ActiveCfg = Release|Any CPU
		{877C5C8D-7B4D-45FC-8307-F9217F0222B2}.Release|Any CPU.Build.0 = Release|Any CPU
		{877C5C8D-7B4D-45FC-8307-F9217F0222B2}.Release|Any CPU.Deploy.0 = Release|Any CPU
		{877C5C8D-7B4D-45FC-8307-F9217F0222B2}.Release|ARM.ActiveCfg = Release|Any CPU
		{877C5C8D-7B4D-45FC-8307-F9217F0222B2}.Release|ARM.Build.0 = Release|Any CPU
		{877C5C8D-7B4D-45FC-8307-F9217F0222B2}.Release|ARM.Deploy.0 = Release|Any CPU
		{877C5C8D-7B4D-45FC-8307-F9217F0222B2}.Release|iPhone.ActiveCfg = Release|Any CPU
		{877C5C8D-7B4D-45FC-8307-F9217F0222B2}.Release|iPhone.Build.0 = Release|Any CPU
		{877C5C8D-7B4D-45FC-8307-F9217F0222B2}.Release|iPhone.Deploy.0 = Release|Any CPU
		{877C5C8D-7B4D-45FC-8307-F9217F0222B2}.Release|iPhoneSimulator.ActiveCfg = Release|Any CPU
		{877C5C8D-7B4D-45FC-8307-F9217F0222B2}.Release|iPhoneSimulator.Build.0 = Release|Any CPU
		{877C5C8D-7B4D-45FC-8307-F9217F0222B2}.Release|iPhoneSimulator.Deploy.0 = Release|Any CPU
		{877C5C8D-7B4D-45FC-8307-F9217F0222B2}.Release|x64.ActiveCfg = Release|Any CPU
		{877C5C8D-7B4D-45FC-8307-F9217F0222B2}.Release|x64.Build.0 = Release|Any CPU
		{877C5C8D-7B4D-45FC-8307-F9217F0222B2}.Release|x64.Deploy.0 = Release|Any CPU
		{877C5C8D-7B4D-45FC-8307-F9217F0222B2}.Release|x86.ActiveCfg = Release|Any CPU
		{877C5C8D-7B4D-45FC-8307-F9217F0222B2}.Release|x86.Build.0 = Release|Any CPU
		{877C5C8D-7B4D-45FC-8307-F9217F0222B2}.Release|x86.Deploy.0 = Release|Any CPU
		{05EC111C-2E78-4000-846B-E038A7D21CC0}.Debug|Any CPU.ActiveCfg = Debug|iPhoneSimulator
		{05EC111C-2E78-4000-846B-E038A7D21CC0}.Debug|Any CPU.Build.0 = Debug|iPhoneSimulator
		{05EC111C-2E78-4000-846B-E038A7D21CC0}.Debug|Any CPU.Deploy.0 = Debug|iPhoneSimulator
		{05EC111C-2E78-4000-846B-E038A7D21CC0}.Debug|ARM.ActiveCfg = Debug|iPhone
		{05EC111C-2E78-4000-846B-E038A7D21CC0}.Debug|ARM.Build.0 = Debug|iPhone
		{05EC111C-2E78-4000-846B-E038A7D21CC0}.Debug|ARM.Deploy.0 = Debug|iPhone
		{05EC111C-2E78-4000-846B-E038A7D21CC0}.Debug|iPhone.ActiveCfg = Debug|iPhone
		{05EC111C-2E78-4000-846B-E038A7D21CC0}.Debug|iPhone.Build.0 = Debug|iPhone
		{05EC111C-2E78-4000-846B-E038A7D21CC0}.Debug|iPhone.Deploy.0 = Debug|iPhone
		{05EC111C-2E78-4000-846B-E038A7D21CC0}.Debug|iPhoneSimulator.ActiveCfg = Debug|iPhoneSimulator
		{05EC111C-2E78-4000-846B-E038A7D21CC0}.Debug|iPhoneSimulator.Build.0 = Debug|iPhoneSimulator
		{05EC111C-2E78-4000-846B-E038A7D21CC0}.Debug|iPhoneSimulator.Deploy.0 = Debug|iPhoneSimulator
		{05EC111C-2E78-4000-846B-E038A7D21CC0}.Debug|x64.ActiveCfg = Debug|iPhoneSimulator
		{05EC111C-2E78-4000-846B-E038A7D21CC0}.Debug|x64.Build.0 = Debug|iPhoneSimulator
		{05EC111C-2E78-4000-846B-E038A7D21CC0}.Debug|x64.Deploy.0 = Debug|iPhoneSimulator
		{05EC111C-2E78-4000-846B-E038A7D21CC0}.Debug|x86.ActiveCfg = Debug|iPhoneSimulator
		{05EC111C-2E78-4000-846B-E038A7D21CC0}.Debug|x86.Build.0 = Debug|iPhoneSimulator
		{05EC111C-2E78-4000-846B-E038A7D21CC0}.Debug|x86.Deploy.0 = Debug|iPhoneSimulator
		{05EC111C-2E78-4000-846B-E038A7D21CC0}.Release|Any CPU.ActiveCfg = Release|iPhoneSimulator
		{05EC111C-2E78-4000-846B-E038A7D21CC0}.Release|Any CPU.Build.0 = Release|iPhoneSimulator
		{05EC111C-2E78-4000-846B-E038A7D21CC0}.Release|Any CPU.Deploy.0 = Release|iPhoneSimulator
		{05EC111C-2E78-4000-846B-E038A7D21CC0}.Release|ARM.ActiveCfg = Release|iPhoneSimulator
		{05EC111C-2E78-4000-846B-E038A7D21CC0}.Release|ARM.Build.0 = Release|iPhoneSimulator
		{05EC111C-2E78-4000-846B-E038A7D21CC0}.Release|ARM.Deploy.0 = Release|iPhoneSimulator
		{05EC111C-2E78-4000-846B-E038A7D21CC0}.Release|iPhone.ActiveCfg = Release|iPhone
		{05EC111C-2E78-4000-846B-E038A7D21CC0}.Release|iPhone.Build.0 = Release|iPhone
		{05EC111C-2E78-4000-846B-E038A7D21CC0}.Release|iPhone.Deploy.0 = Release|iPhone
		{05EC111C-2E78-4000-846B-E038A7D21CC0}.Release|iPhoneSimulator.ActiveCfg = Release|iPhoneSimulator
		{05EC111C-2E78-4000-846B-E038A7D21CC0}.Release|iPhoneSimulator.Build.0 = Release|iPhoneSimulator
		{05EC111C-2E78-4000-846B-E038A7D21CC0}.Release|iPhoneSimulator.Deploy.0 = Release|iPhoneSimulator
		{05EC111C-2E78-4000-846B-E038A7D21CC0}.Release|x64.ActiveCfg = Release|iPhoneSimulator
		{05EC111C-2E78-4000-846B-E038A7D21CC0}.Release|x64.Build.0 = Release|iPhoneSimulator
		{05EC111C-2E78-4000-846B-E038A7D21CC0}.Release|x64.Deploy.0 = Release|iPhoneSimulator
		{05EC111C-2E78-4000-846B-E038A7D21CC0}.Release|x86.ActiveCfg = Release|iPhoneSimulator
		{05EC111C-2E78-4000-846B-E038A7D21CC0}.Release|x86.Build.0 = Release|iPhoneSimulator
		{05EC111C-2E78-4000-846B-E038A7D21CC0}.Release|x86.Deploy.0 = Release|iPhoneSimulator
		{2954DE46-2BCD-480B-A0A1-3C4C994B7A87}.Debug|Any CPU.ActiveCfg = Debug|Any CPU
		{2954DE46-2BCD-480B-A0A1-3C4C994B7A87}.Debug|Any CPU.Build.0 = Debug|Any CPU
		{2954DE46-2BCD-480B-A0A1-3C4C994B7A87}.Debug|Any CPU.Deploy.0 = Debug|Any CPU
		{2954DE46-2BCD-480B-A0A1-3C4C994B7A87}.Debug|ARM.ActiveCfg = Debug|Any CPU
		{2954DE46-2BCD-480B-A0A1-3C4C994B7A87}.Debug|ARM.Build.0 = Debug|Any CPU
		{2954DE46-2BCD-480B-A0A1-3C4C994B7A87}.Debug|ARM.Deploy.0 = Debug|Any CPU
		{2954DE46-2BCD-480B-A0A1-3C4C994B7A87}.Debug|iPhone.ActiveCfg = Debug|Any CPU
		{2954DE46-2BCD-480B-A0A1-3C4C994B7A87}.Debug|iPhone.Build.0 = Debug|Any CPU
		{2954DE46-2BCD-480B-A0A1-3C4C994B7A87}.Debug|iPhone.Deploy.0 = Debug|Any CPU
		{2954DE46-2BCD-480B-A0A1-3C4C994B7A87}.Debug|iPhoneSimulator.ActiveCfg = Debug|Any CPU
		{2954DE46-2BCD-480B-A0A1-3C4C994B7A87}.Debug|iPhoneSimulator.Build.0 = Debug|Any CPU
		{2954DE46-2BCD-480B-A0A1-3C4C994B7A87}.Debug|iPhoneSimulator.Deploy.0 = Debug|Any CPU
		{2954DE46-2BCD-480B-A0A1-3C4C994B7A87}.Debug|x64.ActiveCfg = Debug|Any CPU
		{2954DE46-2BCD-480B-A0A1-3C4C994B7A87}.Debug|x64.Build.0 = Debug|Any CPU
		{2954DE46-2BCD-480B-A0A1-3C4C994B7A87}.Debug|x64.Deploy.0 = Debug|Any CPU
		{2954DE46-2BCD-480B-A0A1-3C4C994B7A87}.Debug|x86.ActiveCfg = Debug|Any CPU
		{2954DE46-2BCD-480B-A0A1-3C4C994B7A87}.Debug|x86.Build.0 = Debug|Any CPU
		{2954DE46-2BCD-480B-A0A1-3C4C994B7A87}.Debug|x86.Deploy.0 = Debug|Any CPU
		{2954DE46-2BCD-480B-A0A1-3C4C994B7A87}.Release|Any CPU.ActiveCfg = Release|Any CPU
		{2954DE46-2BCD-480B-A0A1-3C4C994B7A87}.Release|Any CPU.Build.0 = Release|Any CPU
		{2954DE46-2BCD-480B-A0A1-3C4C994B7A87}.Release|Any CPU.Deploy.0 = Release|Any CPU
		{2954DE46-2BCD-480B-A0A1-3C4C994B7A87}.Release|ARM.ActiveCfg = Release|Any CPU
		{2954DE46-2BCD-480B-A0A1-3C4C994B7A87}.Release|ARM.Build.0 = Release|Any CPU
		{2954DE46-2BCD-480B-A0A1-3C4C994B7A87}.Release|ARM.Deploy.0 = Release|Any CPU
		{2954DE46-2BCD-480B-A0A1-3C4C994B7A87}.Release|iPhone.ActiveCfg = Release|Any CPU
		{2954DE46-2BCD-480B-A0A1-3C4C994B7A87}.Release|iPhone.Build.0 = Release|Any CPU
		{2954DE46-2BCD-480B-A0A1-3C4C994B7A87}.Release|iPhone.Deploy.0 = Release|Any CPU
		{2954DE46-2BCD-480B-A0A1-3C4C994B7A87}.Release|iPhoneSimulator.ActiveCfg = Release|Any CPU
		{2954DE46-2BCD-480B-A0A1-3C4C994B7A87}.Release|iPhoneSimulator.Build.0 = Release|Any CPU
		{2954DE46-2BCD-480B-A0A1-3C4C994B7A87}.Release|iPhoneSimulator.Deploy.0 = Release|Any CPU
		{2954DE46-2BCD-480B-A0A1-3C4C994B7A87}.Release|x64.ActiveCfg = Release|Any CPU
		{2954DE46-2BCD-480B-A0A1-3C4C994B7A87}.Release|x64.Build.0 = Release|Any CPU
		{2954DE46-2BCD-480B-A0A1-3C4C994B7A87}.Release|x64.Deploy.0 = Release|Any CPU
		{2954DE46-2BCD-480B-A0A1-3C4C994B7A87}.Release|x86.ActiveCfg = Release|Any CPU
		{2954DE46-2BCD-480B-A0A1-3C4C994B7A87}.Release|x86.Build.0 = Release|Any CPU
		{2954DE46-2BCD-480B-A0A1-3C4C994B7A87}.Release|x86.Deploy.0 = Release|Any CPU
	EndGlobalSection
	GlobalSection(SolutionProperties) = preSolution
		HideSolutionNode = FALSE
	EndGlobalSection
	GlobalSection(ExtensibilityGlobals) = postSolution
		SolutionGuid = {C65495CC-B3F3-47BA-B87B-5CEDB8FECB91}
	EndGlobalSection
EndGlobal
